{
  "name": "aspect-example",
  "lockfileVersion": 3,
  "requires": true,
  "packages": {
    "": {
      "dependencies": {
        "artela-gen": "^0.0.3"
      }
    },
    "node_modules/artela-gen": {
      "version": "0.0.3",
      "resolved": "https://registry.npmjs.org/artela-gen/-/artela-gen-0.0.3.tgz",
      "integrity": "sha512-z6UGmQlvtSgThyS5pnDYTZFlRYtLUX8Do3fCEw4DRXpjkI5HwOCghiPi+XmlEZS9PEi++JUyDln/IhSoVGeGZA=="
    }
  }
}
